// !$*UTF8*$!
{
	archiveVersion = 1;
	classes = {
	};
	objectVersion = 46;
	objects = {

/* Begin PBXBuildFile section */
		561100091946D9DE00343B37 /* Foundation.framework in Frameworks */ = {isa = PBXBuildFile; fileRef = 561100081946D9DE00343B37 /* Foundation.framework */; };
		5611000B1946D9DE00343B37 /* CoreGraphics.framework in Frameworks */ = {isa = PBXBuildFile; fileRef = 5611000A1946D9DE00343B37 /* CoreGraphics.framework */; };
		5611000D1946D9DE00343B37 /* UIKit.framework in Frameworks */ = {isa = PBXBuildFile; fileRef = 5611000C1946D9DE00343B37 /* UIKit.framework */; };
		561100131946D9DE00343B37 /* InfoPlist.strings in Resources */ = {isa = PBXBuildFile; fileRef = 561100111946D9DE00343B37 /* InfoPlist.strings */; };
		561100151946D9DE00343B37 /* main.m in Sources */ = {isa = PBXBuildFile; fileRef = 561100141946D9DE00343B37 /* main.m */; };
		561100191946D9DE00343B37 /* GTAppDelegate.m in Sources */ = {isa = PBXBuildFile; fileRef = 561100181946D9DE00343B37 /* GTAppDelegate.m */; };
		5611001C1946D9DE00343B37 /* Main.storyboard in Resources */ = {isa = PBXBuildFile; fileRef = 5611001A1946D9DE00343B37 /* Main.storyboard */; };
		5611001F1946D9DE00343B37 /* GTViewController.m in Sources */ = {isa = PBXBuildFile; fileRef = 5611001E1946D9DE00343B37 /* GTViewController.m */; };
		561100211946D9DE00343B37 /* Images.xcassets in Resources */ = {isa = PBXBuildFile; fileRef = 561100201946D9DE00343B37 /* Images.xcassets */; };
		561100281946D9DE00343B37 /* XCTest.framework in Frameworks */ = {isa = PBXBuildFile; fileRef = 561100271946D9DE00343B37 /* XCTest.framework */; };
		561100291946D9DE00343B37 /* Foundation.framework in Frameworks */ = {isa = PBXBuildFile; fileRef = 561100081946D9DE00343B37 /* Foundation.framework */; };
		5611002A1946D9DE00343B37 /* UIKit.framework in Frameworks */ = {isa = PBXBuildFile; fileRef = 5611000C1946D9DE00343B37 /* UIKit.framework */; };
		561100321946D9DE00343B37 /* InfoPlist.strings in Resources */ = {isa = PBXBuildFile; fileRef = 561100301946D9DE00343B37 /* InfoPlist.strings */; };
		561100341946D9DE00343B37 /* DynamicsPlaygroundTests.m in Sources */ = {isa = PBXBuildFile; fileRef = 561100331946D9DE00343B37 /* DynamicsPlaygroundTests.m */; };
/* End PBXBuildFile section */

/* Begin PBXContainerItemProxy section */
		5611002B1946D9DE00343B37 /* PBXContainerItemProxy */ = {
			isa = PBXContainerItemProxy;
			containerPortal = 5611FFFD1946D9DD00343B37 /* Project object */;
			proxyType = 1;
			remoteGlobalIDString = 561100041946D9DE00343B37;
			remoteInfo = DynamicsPlayground;
		};
/* End PBXContainerItemProxy section */

/* Begin PBXFileReference section */
		561100051946D9DE00343B37 /* DynamicsPlayground.app */ = {isa = PBXFileReference; explicitFileType = wrapper.application; includeInIndex = 0; path = DynamicsPlayground.app; sourceTree = BUILT_PRODUCTS_DIR; };
		561100081946D9DE00343B37 /* Foundation.framework */ = {isa = PBXFileReference; lastKnownFileType = wrapper.framework; name = Foundation.framework; path = System/Library/Frameworks/Foundation.framework; sourceTree = SDKROOT; };
		5611000A1946D9DE00343B37 /* CoreGraphics.framework */ = {isa = PBXFileReference; lastKnownFileType = wrapper.framework; name = CoreGraphics.framework; path = System/Library/Frameworks/CoreGraphics.framework; sourceTree = SDKROOT; };
		5611000C1946D9DE00343B37 /* UIKit.framework */ = {isa = PBXFileReference; lastKnownFileType = wrapper.framework; name = UIKit.framework; path = System/Library/Frameworks/UIKit.framework; sourceTree = SDKROOT; };
		561100101946D9DE00343B37 /* DynamicsPlayground-Info.plist */ = {isa = PBXFileReference; lastKnownFileType = text.plist.xml; path = "DynamicsPlayground-Info.plist"; sourceTree = "<group>"; };
		561100121946D9DE00343B37 /* en */ = {isa = PBXFileReference; lastKnownFileType = text.plist.strings; name = en; path = en.lproj/InfoPlist.strings; sourceTree = "<group>"; };
		561100141946D9DE00343B37 /* main.m */ = {isa = PBXFileReference; lastKnownFileType = sourcecode.c.objc; path = main.m; sourceTree = "<group>"; };
		561100161946D9DE00343B37 /* DynamicsPlayground-Prefix.pch */ = {isa = PBXFileReference; lastKnownFileType = sourcecode.c.h; path = "DynamicsPlayground-Prefix.pch"; sourceTree = "<group>"; };
		561100171946D9DE00343B37 /* GTAppDelegate.h */ = {isa = PBXFileReference; lastKnownFileType = sourcecode.c.h; path = GTAppDelegate.h; sourceTree = "<group>"; };
		561100181946D9DE00343B37 /* GTAppDelegate.m */ = {isa = PBXFileReference; lastKnownFileType = sourcecode.c.objc; path = GTAppDelegate.m; sourceTree = "<group>"; };
		5611001B1946D9DE00343B37 /* Base */ = {isa = PBXFileReference; lastKnownFileType = file.storyboard; name = Base; path = Base.lproj/Main.storyboard; sourceTree = "<group>"; };
		5611001D1946D9DE00343B37 /* GTViewController.h */ = {isa = PBXFileReference; lastKnownFileType = sourcecode.c.h; path = GTViewController.h; sourceTree = "<group>"; };
		5611001E1946D9DE00343B37 /* GTViewController.m */ = {isa = PBXFileReference; lastKnownFileType = sourcecode.c.objc; path = GTViewController.m; sourceTree = "<group>"; };
		561100201946D9DE00343B37 /* Images.xcassets */ = {isa = PBXFileReference; lastKnownFileType = folder.assetcatalog; path = Images.xcassets; sourceTree = "<group>"; };
		561100261946D9DE00343B37 /* DynamicsPlaygroundTests.xctest */ = {isa = PBXFileReference; explicitFileType = wrapper.cfbundle; includeInIndex = 0; path = DynamicsPlaygroundTests.xctest; sourceTree = BUILT_PRODUCTS_DIR; };
		561100271946D9DE00343B37 /* XCTest.framework */ = {isa = PBXFileReference; lastKnownFileType = wrapper.framework; name = XCTest.framework; path = Library/Frameworks/XCTest.framework; sourceTree = DEVELOPER_DIR; };
		5611002F1946D9DE00343B37 /* DynamicsPlaygroundTests-Info.plist */ = {isa = PBXFileReference; lastKnownFileType = text.plist.xml; path = "DynamicsPlaygroundTests-Info.plist"; sourceTree = "<group>"; };
		561100311946D9DE00343B37 /* en */ = {isa = PBXFileReference; lastKnownFileType = text.plist.strings; name = en; path = en.lproj/InfoPlist.strings; sourceTree = "<group>"; };
		561100331946D9DE00343B37 /* DynamicsPlaygroundTests.m */ = {isa = PBXFileReference; lastKnownFileType = sourcecode.c.objc; path = DynamicsPlaygroundTests.m; sourceTree = "<group>"; };
/* End PBXFileReference section */

/* Begin PBXFrameworksBuildPhase section */
		561100021946D9DE00343B37 /* Frameworks */ = {
			isa = PBXFrameworksBuildPhase;
			buildActionMask = 2147483647;
			files = (
				5611000B1946D9DE00343B37 /* CoreGraphics.framework in Frameworks */,
				5611000D1946D9DE00343B37 /* UIKit.framework in Frameworks */,
				561100091946D9DE00343B37 /* Foundation.framework in Frameworks */,
			);
			runOnlyForDeploymentPostprocessing = 0;
		};
		561100231946D9DE00343B37 /* Frameworks */ = {
			isa = PBXFrameworksBuildPhase;
			buildActionMask = 2147483647;
			files = (
				561100281946D9DE00343B37 /* XCTest.framework in Frameworks */,
				5611002A1946D9DE00343B37 /* UIKit.framework in Frameworks */,
				561100291946D9DE00343B37 /* Foundation.framework in Frameworks */,
			);
			runOnlyForDeploymentPostprocessing = 0;
		};
/* End PBXFrameworksBuildPhase section */

/* Begin PBXGroup section */
		561100061946D9DE00343B37 /* Products */ = {
			isa = PBXGroup;
			children = (
				561100051946D9DE00343B37 /* DynamicsPlayground.app */,
				561100261946D9DE00343B37 /* DynamicsPlaygroundTests.xctest */,
			);
			name = Products;
			sourceTree = "<group>";
		};
		561100071946D9DE00343B37 /* Frameworks */ = {
			isa = PBXGroup;
			children = (
				561100081946D9DE00343B37 /* Foundation.framework */,
				5611000A1946D9DE00343B37 /* CoreGraphics.framework */,
				5611000C1946D9DE00343B37 /* UIKit.framework */,
				561100271946D9DE00343B37 /* XCTest.framework */,
			);
			name = Frameworks;
			sourceTree = "<group>";
		};
		5611000E1946D9DE00343B37 /* DynamicsPlayground */ = {
			isa = PBXGroup;
			children = (
				561100171946D9DE00343B37 /* GTAppDelegate.h */,
				561100181946D9DE00343B37 /* GTAppDelegate.m */,
				5611001A1946D9DE00343B37 /* Main.storyboard */,
				5611001D1946D9DE00343B37 /* GTViewController.h */,
				5611001E1946D9DE00343B37 /* GTViewController.m */,
				561100201946D9DE00343B37 /* Images.xcassets */,
				5611000F1946D9DE00343B37 /* Supporting Files */,
			);
			path = DynamicsPlayground;
			sourceTree = "<group>";
		};
		5611000F1946D9DE00343B37 /* Supporting Files */ = {
			isa = PBXGroup;
			children = (
				561100101946D9DE00343B37 /* DynamicsPlayground-Info.plist */,
				561100111946D9DE00343B37 /* InfoPlist.strings */,
				561100141946D9DE00343B37 /* main.m */,
				561100161946D9DE00343B37 /* DynamicsPlayground-Prefix.pch */,
			);
			name = "Supporting Files";
			sourceTree = "<group>";
		};
		5611002D1946D9DE00343B37 /* DynamicsPlaygroundTests */ = {
			isa = PBXGroup;
			children = (
				561100331946D9DE00343B37 /* DynamicsPlaygroundTests.m */,
				5611002E1946D9DE00343B37 /* Supporting Files */,
			);
			path = DynamicsPlaygroundTests;
			sourceTree = "<group>";
		};
		5611002E1946D9DE00343B37 /* Supporting Files */ = {
			isa = PBXGroup;
			children = (
				5611002F1946D9DE00343B37 /* DynamicsPlaygroundTests-Info.plist */,
				561100301946D9DE00343B37 /* InfoPlist.strings */,
			);
			name = "Supporting Files";
			sourceTree = "<group>";
		};
		5611FFFC1946D9DD00343B37 = {
			isa = PBXGroup;
			children = (
				5611000E1946D9DE00343B37 /* DynamicsPlayground */,
				5611002D1946D9DE00343B37 /* DynamicsPlaygroundTests */,
				561100071946D9DE00343B37 /* Frameworks */,
				561100061946D9DE00343B37 /* Products */,
			);
			sourceTree = "<group>";
		};
/* End PBXGroup section */

/* Begin PBXNativeTarget section */
		561100041946D9DE00343B37 /* DynamicsPlayground */ = {
			isa = PBXNativeTarget;
			buildConfigurationList = 561100371946D9DE00343B37 /* Build configuration list for PBXNativeTarget "DynamicsPlayground" */;
			buildPhases = (
				561100011946D9DE00343B37 /* Sources */,
				561100021946D9DE00343B37 /* Frameworks */,
				561100031946D9DE00343B37 /* Resources */,
			);
			buildRules = (
			);
			dependencies = (
			);
			name = DynamicsPlayground;
			productName = DynamicsPlayground;
			productReference = 561100051946D9DE00343B37 /* DynamicsPlayground.app */;
			productType = "com.apple.product-type.application";
		};
		561100251946D9DE00343B37 /* DynamicsPlaygroundTests */ = {
			isa = PBXNativeTarget;
			buildConfigurationList = 5611003A1946D9DE00343B37 /* Build configuration list for PBXNativeTarget "DynamicsPlaygroundTests" */;
			buildPhases = (
				561100221946D9DE00343B37 /* Sources */,
				561100231946D9DE00343B37 /* Frameworks */,
				561100241946D9DE00343B37 /* Resources */,
			);
			buildRules = (
			);
			dependencies = (
				5611002C1946D9DE00343B37 /* PBXTargetDependency */,
			);
			name = DynamicsPlaygroundTests;
			productName = DynamicsPlaygroundTests;
			productReference = 561100261946D9DE00343B37 /* DynamicsPlaygroundTests.xctest */;
			productType = "com.apple.product-type.bundle.unit-test";
		};
/* End PBXNativeTarget section */

/* Begin PBXProject section */
		5611FFFD1946D9DD00343B37 /* Project object */ = {
			isa = PBXProject;
			attributes = {
				CLASSPREFIX = GT;
				LastUpgradeCheck = 0510;
				ORGANIZATIONNAME = "Gramercy Consultants";
				TargetAttributes = {
					561100251946D9DE00343B37 = {
						TestTargetID = 561100041946D9DE00343B37;
					};
				};
			};
			buildConfigurationList = 561100001946D9DD00343B37 /* Build configuration list for PBXProject "DynamicsPlayground" */;
			compatibilityVersion = "Xcode 3.2";
			developmentRegion = English;
			hasScannedForEncodings = 0;
			knownRegions = (
				en,
				Base,
			);
			mainGroup = 5611FFFC1946D9DD00343B37;
			productRefGroup = 561100061946D9DE00343B37 /* Products */;
			projectDirPath = "";
			projectRoot = "";
			targets = (
				561100041946D9DE00343B37 /* DynamicsPlayground */,
				561100251946D9DE00343B37 /* DynamicsPlaygroundTests */,
			);
		};
/* End PBXProject section */

/* Begin PBXResourcesBuildPhase section */
		561100031946D9DE00343B37 /* Resources */ = {
			isa = PBXResourcesBuildPhase;
			buildActionMask = 2147483647;
			files = (
				561100211946D9DE00343B37 /* Images.xcassets in Resources */,
				561100131946D9DE00343B37 /* InfoPlist.strings in Resources */,
				5611001C1946D9DE00343B37 /* Main.storyboard in Resources */,
			);
			runOnlyForDeploymentPostprocessing = 0;
		};
		561100241946D9DE00343B37 /* Resources */ = {
			isa = PBXResourcesBuildPhase;
			buildActionMask = 2147483647;
			files = (
				561100321946D9DE00343B37 /* InfoPlist.strings in Resources */,
			);
			runOnlyForDeploymentPostprocessing = 0;
		};
/* End PBXResourcesBuildPhase section */

/* Begin PBXSourcesBuildPhase section */
		561100011946D9DE00343B37 /* Sources */ = {
			isa = PBXSourcesBuildPhase;
			buildActionMask = 2147483647;
			files = (
				561100151946D9DE00343B37 /* main.m in Sources */,
				5611001F1946D9DE00343B37 /* GTViewController.m in Sources */,
				561100191946D9DE00343B37 /* GTAppDelegate.m in Sources */,
			);
			runOnlyForDeploymentPostprocessing = 0;
		};
		561100221946D9DE00343B37 /* Sources */ = {
			isa = PBXSourcesBuildPhase;
			buildActionMask = 2147483647;
			files = (
				561100341946D9DE00343B37 /* DynamicsPlaygroundTests.m in Sources */,
			);
			runOnlyForDeploymentPostprocessing = 0;
		};
/* End PBXSourcesBuildPhase section */

/* Begin PBXTargetDependency section */
		5611002C1946D9DE00343B37 /* PBXTargetDependency */ = {
			isa = PBXTargetDependency;
			target = 561100041946D9DE00343B37 /* DynamicsPlayground */;
			targetProxy = 5611002B1946D9DE00343B37 /* PBXContainerItemProxy */;
		};
/* End PBXTargetDependency section */

/* Begin PBXVariantGroup section */
		561100111946D9DE00343B37 /* InfoPlist.strings */ = {
			isa = PBXVariantGroup;
			children = (
				561100121946D9DE00343B37 /* en */,
			);
			name = InfoPlist.strings;
			sourceTree = "<group>";
		};
		5611001A1946D9DE00343B37 /* Main.storyboard */ = {
			isa = PBXVariantGroup;
			children = (
				5611001B1946D9DE00343B37 /* Base */,
			);
			name = Main.storyboard;
			sourceTree = "<group>";
		};
		561100301946D9DE00343B37 /* InfoPlist.strings */ = {
			isa = PBXVariantGroup;
			children = (
				561100311946D9DE00343B37 /* en */,
			);
			name = InfoPlist.strings;
			sourceTree = "<group>";
		};
/* End PBXVariantGroup section */

/* Begin XCBuildConfiguration section */
		561100351946D9DE00343B37 /* Debug */ = {
			isa = XCBuildConfiguration;
			buildSettings = {
				ALWAYS_SEARCH_USER_PATHS = NO;
				CLANG_CXX_LANGUAGE_STANDARD = "gnu++0x";
				CLANG_CXX_LIBRARY = "libc++";
				CLANG_ENABLE_MODULES = YES;
				CLANG_ENABLE_OBJC_ARC = YES;
				CLANG_WARN_BOOL_CONVERSION = YES;
				CLANG_WARN_CONSTANT_CONVERSION = YES;
				CLANG_WARN_DIRECT_OBJC_ISA_USAGE = YES_ERROR;
				CLANG_WARN_EMPTY_BODY = YES;
				CLANG_WARN_ENUM_CONVERSION = YES;
				CLANG_WARN_INT_CONVERSION = YES;
				CLANG_WARN_OBJC_ROOT_CLASS = YES_ERROR;
				CLANG_WARN__DUPLICATE_METHOD_MATCH = YES;
				"CODE_SIGN_IDENTITY[sdk=iphoneos*]" = "iPhone Developer";
				COPY_PHASE_STRIP = NO;
				GCC_C_LANGUAGE_STANDARD = gnu99;
				GCC_DYNAMIC_NO_PIC = NO;
				GCC_OPTIMIZATION_LEVEL = 0;
				GCC_PREPROCESSOR_DEFINITIONS = (
					"DEBUG=1",
					"$(inherited)",
				);
				GCC_SYMBOLS_PRIVATE_EXTERN = NO;
				GCC_WARN_64_TO_32_BIT_CONVERSION = YES;
				GCC_WARN_ABOUT_RETURN_TYPE = YES_ERROR;
				GCC_WARN_UNDECLARED_SELECTOR = YES;
				GCC_WARN_UNINITIALIZED_AUTOS = YES_AGGRESSIVE;
				GCC_WARN_UNUSED_FUNCTION = YES;
				GCC_WARN_UNUSED_VARIABLE = YES;
				IPHONEOS_DEPLOYMENT_TARGET = 7.1;
				ONLY_ACTIVE_ARCH = YES;
				SDKROOT = iphoneos;
			};
			name = Debug;
		};
		561100361946D9DE00343B37 /* Release */ = {
			isa = XCBuildConfiguration;
			buildSettings = {
				ALWAYS_SEARCH_USER_PATHS = NO;
				CLANG_CXX_LANGUAGE_STANDARD = "gnu++0x";
				CLANG_CXX_LIBRARY = "libc++";
				CLANG_ENABLE_MODULES = YES;
				CLANG_ENABLE_OBJC_ARC = YES;
				CLANG_WARN_BOOL_CONVERSION = YES;
				CLANG_WARN_CONSTANT_CONVERSION = YES;
				CLANG_WARN_DIRECT_OBJC_ISA_USAGE = YES_ERROR;
				CLANG_WARN_EMPTY_BODY = YES;
				CLANG_WARN_ENUM_CONVERSION = YES;
				CLANG_WARN_INT_CONVERSION = YES;
				CLANG_WARN_OBJC_ROOT_CLASS = YES_ERROR;
				CLANG_WARN__DUPLICATE_METHOD_MATCH = YES;
				"CODE_SIGN_IDENTITY[sdk=iphoneos*]" = "iPhone Developer";
				COPY_PHASE_STRIP = YES;
				ENABLE_NS_ASSERTIONS = NO;
				GCC_C_LANGUAGE_STANDARD = gnu99;
				GCC_WARN_64_TO_32_BIT_CONVERSION = YES;
				GCC_WARN_ABOUT_RETURN_TYPE = YES_ERROR;
				GCC_WARN_UNDECLARED_SELECTOR = YES;
				GCC_WARN_UNINITIALIZED_AUTOS = YES_AGGRESSIVE;
				GCC_WARN_UNUSED_FUNCTION = YES;
				GCC_WARN_UNUSED_VARIABLE = YES;
				IPHONEOS_DEPLOYMENT_TARGET = 7.1;
				SDKROOT = iphoneos;
				VALIDATE_PRODUCT = YES;
			};
			name = Release;
		};
		561100381946D9DE00343B37 /* Debug */ = {
			isa = XCBuildConfiguration;
			buildSettings = {
				ASSETCATALOG_COMPILER_APPICON_NAME = AppIcon;
				ASSETCATALOG_COMPILER_LAUNCHIMAGE_NAME = LaunchImage;
				GCC_PRECOMPILE_PREFIX_HEADER = YES;
				GCC_PREFIX_HEADER = "DynamicsPlayground/DynamicsPlayground-Prefix.pch";
				INFOPLIST_FILE = "DynamicsPlayground/DynamicsPlayground-Info.plist";
				PRODUCT_NAME = "$(TARGET_NAME)";
				WRAPPER_EXTENSION = app;
			};
			name = Debug;
		};
		561100391946D9DE00343B37 /* Release */ = {
			isa = XCBuildConfiguration;
			buildSettings = {
				ASSETCATALOG_COMPILER_APPICON_NAME = AppIcon;
				ASSETCATALOG_COMPILER_LAUNCHIMAGE_NAME = LaunchImage;
				GCC_PRECOMPILE_PREFIX_HEADER = YES;
				GCC_PREFIX_HEADER = "DynamicsPlayground/DynamicsPlayground-Prefix.pch";
				INFOPLIST_FILE = "DynamicsPlayground/DynamicsPlayground-Info.plist";
				PRODUCT_NAME = "$(TARGET_NAME)";
				WRAPPER_EXTENSION = app;
			};
			name = Release;
		};
		5611003B1946D9DE00343B37 /* Debug */ = {
			isa = XCBuildConfiguration;
			buildSettings = {
				BUNDLE_LOADER = "$(BUILT_PRODUCTS_DIR)/DynamicsPlayground.app/DynamicsPlayground";
				FRAMEWORK_SEARCH_PATHS = (
					"$(SDKROOT)/Developer/Library/Frameworks",
					"$(inherited)",
					"$(DEVELOPER_FRAMEWORKS_DIR)",
				);
				GCC_PRECOMPILE_PREFIX_HEADER = YES;
				GCC_PREFIX_HEADER = "DynamicsPlayground/DynamicsPlayground-Prefix.pch";
				GCC_PREPROCESSOR_DEFINITIONS = (
					"DEBUG=1",
					"$(inherited)",
				);
				INFOPLIST_FILE = "DynamicsPlaygroundTests/DynamicsPlaygroundTests-Info.plist";
				PRODUCT_NAME = "$(TARGET_NAME)";
				TEST_HOST = "$(BUNDLE_LOADER)";
				WRAPPER_EXTENSION = xctest;
			};
			name = Debug;
		};
		5611003C1946D9DE00343B37 /* Release */ = {
			isa = XCBuildConfiguration;
			buildSettings = {
				BUNDLE_LOADER = "$(BUILT_PRODUCTS_DIR)/DynamicsPlayground.app/DynamicsPlayground";
				FRAMEWORK_SEARCH_PATHS = (
					"$(SDKROOT)/Developer/Library/Frameworks",
					"$(inherited)",
					"$(DEVELOPER_FRAMEWORKS_DIR)",
				);
				GCC_PRECOMPILE_PREFIX_HEADER = YES;
				GCC_PREFIX_HEADER = "DynamicsPlayground/DynamicsPlayground-Prefix.pch";
				INFOPLIST_FILE = "DynamicsPlaygroundTests/DynamicsPlaygroundTests-Info.plist";
				PRODUCT_NAME = "$(TARGET_NAME)";
				TEST_HOST = "$(BUNDLE_LOADER)";
				WRAPPER_EXTENSION = xctest;
			};
			name = Release;
		};
/* End XCBuildConfiguration section */

/* Begin XCConfigurationList section */
		561100001946D9DD00343B37 /* Build configuration list for PBXProject "DynamicsPlayground" */ = {
			isa = XCConfigurationList;
			buildConfigurations = (
				561100351946D9DE00343B37 /* Debug */,
				561100361946D9DE00343B37 /* Release */,
			);
			defaultConfigurationIsVisible = 0;
			defaultConfigurationName = Release;
		};
		561100371946D9DE00343B37 /* Build configuration list for PBXNativeTarget "DynamicsPlayground" */ = {
			isa = XCConfigurationList;
			buildConfigurations = (
				561100381946D9DE00343B37 /* Debug */,
				561100391946D9DE00343B37 /* Release */,
			);
			defaultConfigurationIsVisible = 0;
		};
		5611003A1946D9DE00343B37 /* Build configuration list for PBXNativeTarget "DynamicsPlaygroundTests" */ = {
			isa = XCConfigurationList;
			buildConfigurations = (
				5611003B1946D9DE00343B37 /* Debug */,
				5611003C1946D9DE00343B37 /* Release */,
			);
			defaultConfigurationIsVisible = 0;
		};
/* End XCConfigurationList section */
	};
	rootObject = 5611FFFD1946D9DD00343B37 /* Project object */;
}
